{
	"name": "totp.util",
	"version": "1.0.10",
	"lockfileVersion": 1,
	"requires": true,
	"dependencies": {
		"base.util": {
			"version": "git+https://github.com/anzerr/base.util.git#a86aa1a27643c9dcbe3a319df0159dd68e54953f",
			"from": "git+https://github.com/anzerr/base.util.git",
			"requires": {
				"type.util": "git+https://git@github.com/anzerr/type.util.git"
			}
		},
		"clone.util": {
			"version": "git+https://git@github.com/anzerr/clone.util.git#6b3f65e279fea1da1055fcd0d4f2fc1e80238b92",
			"from": "git+https://git@github.com/anzerr/clone.util.git",
			"dev": true,
			"requires": {
				"type.util": "git+https://git@github.com/anzerr/type.util.git"
			}
		},
		"console.color": {
			"version": "git+https://github.com/anzerr/console.color.git#e6edff6e630d8c900038f3be265404b16a4ca12c",
			"from": "git+https://github.com/anzerr/console.color.git",
			"dev": true
		},
		"qr.util": {
			"version": "git+https://github.com/anzerr/qr.util.git#4d0afba528cb7d011d68cbe0c7d4b09f3d433533",
			"from": "git+https://github.com/anzerr/qr.util.git",
			"dev": true,
			"requires": {
				"clone.util": "git+https://git@github.com/anzerr/clone.util.git",
				"console.color": "git+https://github.com/anzerr/console.color.git"
			}
		},
		"type.util": {
			"version": "git+https://git@github.com/anzerr/type.util.git#3a38e81dd05b028469f2c570dfc67090b951ef2c",
			"from": "git+https://git@github.com/anzerr/type.util.git"
		}
	}
}
